
Microsoft Visual Studio Solution File, Format Version 12.00
# Visual Studio Version 17
VisualStudioVersion = 17.7.34024.191
MinimumVisualStudioVersion = 10.0.40219.1
Project("{FAE04EC0-301F-11D3-BF4B-00C04F79EFBC}") = "Epicode_S3_L1_BackEnd", "Epicode_S3_L1_BackEnd\Epicode_S3_L1_BackEnd.csproj", "{12CC8B55-0DDA-45C9-B78B-35A5464E8BAB}"
EndProject
Global
	GlobalSection(SolutionConfigurationPlatforms) = preSolution
		Debug|Any CPU = Debug|Any CPU
		Release|Any CPU = Release|Any CPU
	EndGlobalSection
	GlobalSection(ProjectConfigurationPlatforms) = postSolution
		{12CC8B55-0DDA-45C9-B78B-35A5464E8BAB}.Debug|Any CPU.ActiveCfg = Debug|Any CPU
		{12CC8B55-0DDA-45C9-B78B-35A5464E8BAB}.Debug|Any CPU.Build.0 = Debug|Any CPU
		{12CC8B55-0DDA-45C9-B78B-35A5464E8BAB}.Release|Any CPU.ActiveCfg = Release|Any CPU
		{12CC8B55-0DDA-45C9-B78B-35A5464E8BAB}.Release|Any CPU.Build.0 = Release|Any CPU
	EndGlobalSection
	GlobalSection(SolutionProperties) = preSolution
		HideSolutionNode = FALSE
	EndGlobalSection
	GlobalSection(ExtensibilityGlobals) = postSolution
		SolutionGuid = {6D9D686D-1EC2-483D-916D-6FDBF257952A}
	EndGlobalSection
EndGlobal
